
Microsoft Visual Studio Solution File, Format Version 12.00
# Visual Studio Version 17
VisualStudioVersion = 17.0.31912.275
MinimumVisualStudioVersion = 10.0.40219.1
Project("{FAE04EC0-301F-11D3-BF4B-00C04F79EFBC}") = "Dotnet_frameworks_project", "Dotnet_frameworks_project\Dotnet_frameworks_project.csproj", "{2256C9E4-4902-4F2B-8DEF-2B5833E0E85C}"
EndProject
Global
	GlobalSection(SolutionConfigurationPlatforms) = preSolution
		Debug|Any CPU = Debug|Any CPU
		Release|Any CPU = Release|Any CPU
	EndGlobalSection
	GlobalSection(ProjectConfigurationPlatforms) = postSolution
		{2256C9E4-4902-4F2B-8DEF-2B5833E0E85C}.Debug|Any CPU.ActiveCfg = Debug|Any CPU
		{2256C9E4-4902-4F2B-8DEF-2B5833E0E85C}.Debug|Any CPU.Build.0 = Debug|Any CPU
		{2256C9E4-4902-4F2B-8DEF-2B5833E0E85C}.Release|Any CPU.ActiveCfg = Release|Any CPU
		{2256C9E4-4902-4F2B-8DEF-2B5833E0E85C}.Release|Any CPU.Build.0 = Release|Any CPU
	EndGlobalSection
	GlobalSection(SolutionProperties) = preSolution
		HideSolutionNode = FALSE
	EndGlobalSection
	GlobalSection(ExtensibilityGlobals) = postSolution
		SolutionGuid = {6A6DF3A7-76EB-4894-AB53-EF82DD2F4C02}
	EndGlobalSection
EndGlobal
